// !$*UTF8*$!
{
	archiveVersion = 1;
	classes = {
	};
	objectVersion = 46;
	objects = {

/* Begin PBXBuildFile section */
		15EB2B8B1AFFB2BF00141503 /* AppDelegate.swift in Sources */ = {isa = PBXBuildFile; fileRef = 15EB2B8A1AFFB2BF00141503 /* AppDelegate.swift */; };
		15EB2B8D1AFFB2BF00141503 /* ViewController.swift in Sources */ = {isa = PBXBuildFile; fileRef = 15EB2B8C1AFFB2BF00141503 /* ViewController.swift */; };
		15EB2B901AFFB2BF00141503 /* Main.storyboard in Resources */ = {isa = PBXBuildFile; fileRef = 15EB2B8E1AFFB2BF00141503 /* Main.storyboard */; };
		15EB2B921AFFB2BF00141503 /* Images.xcassets in Resources */ = {isa = PBXBuildFile; fileRef = 15EB2B911AFFB2BF00141503 /* Images.xcassets */; };
		15EB2B951AFFB2BF00141503 /* LaunchScreen.xib in Resources */ = {isa = PBXBuildFile; fileRef = 15EB2B931AFFB2BF00141503 /* LaunchScreen.xib */; };
		15EB2BA11AFFB2BF00141503 /* PostcardTests.swift in Sources */ = {isa = PBXBuildFile; fileRef = 15EB2BA01AFFB2BF00141503 /* PostcardTests.swift */; };
/* End PBXBuildFile section */

/* Begin PBXContainerItemProxy section */
		15EB2B9B1AFFB2BF00141503 /* PBXContainerItemProxy */ = {
			isa = PBXContainerItemProxy;
			containerPortal = 15EB2B7D1AFFB2BF00141503 /* Project object */;
			proxyType = 1;
			remoteGlobalIDString = 15EB2B841AFFB2BF00141503;
			remoteInfo = Postcard;
		};
/* End PBXContainerItemProxy section */

/* Begin PBXFileReference section */
		15EB2B851AFFB2BF00141503 /* Postcard.app */ = {isa = PBXFileReference; explicitFileType = wrapper.application; includeInIndex = 0; path = Postcard.app; sourceTree = BUILT_PRODUCTS_DIR; };
		15EB2B891AFFB2BF00141503 /* Info.plist */ = {isa = PBXFileReference; lastKnownFileType = text.plist.xml; path = Info.plist; sourceTree = "<group>"; };
		15EB2B8A1AFFB2BF00141503 /* AppDelegate.swift */ = {isa = PBXFileReference; lastKnownFileType = sourcecode.swift; path = AppDelegate.swift; sourceTree = "<group>"; };
		15EB2B8C1AFFB2BF00141503 /* ViewController.swift */ = {isa = PBXFileReference; lastKnownFileType = sourcecode.swift; path = ViewController.swift; sourceTree = "<group>"; };
		15EB2B8F1AFFB2BF00141503 /* Base */ = {isa = PBXFileReference; lastKnownFileType = file.storyboard; name = Base; path = Base.lproj/Main.storyboard; sourceTree = "<group>"; };
		15EB2B911AFFB2BF00141503 /* Images.xcassets */ = {isa = PBXFileReference; lastKnownFileType = folder.assetcatalog; path = Images.xcassets; sourceTree = "<group>"; };
		15EB2B941AFFB2BF00141503 /* Base */ = {isa = PBXFileReference; lastKnownFileType = file.xib; name = Base; path = Base.lproj/LaunchScreen.xib; sourceTree = "<group>"; };
		15EB2B9A1AFFB2BF00141503 /* PostcardTests.xctest */ = {isa = PBXFileReference; explicitFileType = wrapper.cfbundle; includeInIndex = 0; path = PostcardTests.xctest; sourceTree = BUILT_PRODUCTS_DIR; };
		15EB2B9F1AFFB2BF00141503 /* Info.plist */ = {isa = PBXFileReference; lastKnownFileType = text.plist.xml; path = Info.plist; sourceTree = "<group>"; };
		15EB2BA01AFFB2BF00141503 /* PostcardTests.swift */ = {isa = PBXFileReference; lastKnownFileType = sourcecode.swift; path = PostcardTests.swift; sourceTree = "<group>"; };
/* End PBXFileReference section */

/* Begin PBXFrameworksBuildPhase section */
		15EB2B821AFFB2BF00141503 /* Frameworks */ = {
			isa = PBXFrameworksBuildPhase;
			buildActionMask = 2147483647;
			files = (
			);
			runOnlyForDeploymentPostprocessing = 0;
		};
		15EB2B971AFFB2BF00141503 /* Frameworks */ = {
			isa = PBXFrameworksBuildPhase;
			buildActionMask = 2147483647;
			files = (
			);
			runOnlyForDeploymentPostprocessing = 0;
		};
/* End PBXFrameworksBuildPhase section */

/* Begin PBXGroup section */
		15EB2B7C1AFFB2BF00141503 = {
			isa = PBXGroup;
			children = (
				15EB2B871AFFB2BF00141503 /* Postcard */,
				15EB2B9D1AFFB2BF00141503 /* PostcardTests */,
				15EB2B861AFFB2BF00141503 /* Products */,
			);
			sourceTree = "<group>";
		};
		15EB2B861AFFB2BF00141503 /* Products */ = {
			isa = PBXGroup;
			children = (
				15EB2B851AFFB2BF00141503 /* Postcard.app */,
				15EB2B9A1AFFB2BF00141503 /* PostcardTests.xctest */,
			);
			name = Products;
			sourceTree = "<group>";
		};
		15EB2B871AFFB2BF00141503 /* Postcard */ = {
			isa = PBXGroup;
			children = (
				15EB2B8A1AFFB2BF00141503 /* AppDelegate.swift */,
				15EB2B8C1AFFB2BF00141503 /* ViewController.swift */,
				15EB2B8E1AFFB2BF00141503 /* Main.storyboard */,
				15EB2B911AFFB2BF00141503 /* Images.xcassets */,
				15EB2B931AFFB2BF00141503 /* LaunchScreen.xib */,
				15EB2B881AFFB2BF00141503 /* Supporting Files */,
			);
			path = Postcard;
			sourceTree = "<group>";
		};
		15EB2B881AFFB2BF00141503 /* Supporting Files */ = {
			isa = PBXGroup;
			children = (
				15EB2B891AFFB2BF00141503 /* Info.plist */,
			);
			name = "Supporting Files";
			sourceTree = "<group>";
		};
		15EB2B9D1AFFB2BF00141503 /* PostcardTests */ = {
			isa = PBXGroup;
			children = (
				15EB2BA01AFFB2BF00141503 /* PostcardTests.swift */,
				15EB2B9E1AFFB2BF00141503 /* Supporting Files */,
			);
			path = PostcardTests;
			sourceTree = "<group>";
		};
		15EB2B9E1AFFB2BF00141503 /* Supporting Files */ = {
			isa = PBXGroup;
			children = (
				15EB2B9F1AFFB2BF00141503 /* Info.plist */,
			);
			name = "Supporting Files";
			sourceTree = "<group>";
		};
/* End PBXGroup section */

/* Begin PBXNativeTarget section */
		15EB2B841AFFB2BF00141503 /* Postcard */ = {
			isa = PBXNativeTarget;
			buildConfigurationList = 15EB2BA41AFFB2BF00141503 /* Build configuration list for PBXNativeTarget "Postcard" */;
			buildPhases = (
				15EB2B811AFFB2BF00141503 /* Sources */,
				15EB2B821AFFB2BF00141503 /* Frameworks */,
				15EB2B831AFFB2BF00141503 /* Resources */,
			);
			buildRules = (
			);
			dependencies = (
			);
			name = Postcard;
			productName = Postcard;
			productReference = 15EB2B851AFFB2BF00141503 /* Postcard.app */;
			productType = "com.apple.product-type.application";
		};
		15EB2B991AFFB2BF00141503 /* PostcardTests */ = {
			isa = PBXNativeTarget;
			buildConfigurationList = 15EB2BA71AFFB2BF00141503 /* Build configuration list for PBXNativeTarget "PostcardTests" */;
			buildPhases = (
				15EB2B961AFFB2BF00141503 /* Sources */,
				15EB2B971AFFB2BF00141503 /* Frameworks */,
				15EB2B981AFFB2BF00141503 /* Resources */,
			);
			buildRules = (
			);
			dependencies = (
				15EB2B9C1AFFB2BF00141503 /* PBXTargetDependency */,
			);
			name = PostcardTests;
			productName = PostcardTests;
			productReference = 15EB2B9A1AFFB2BF00141503 /* PostcardTests.xctest */;
			productType = "com.apple.product-type.bundle.unit-test";
		};
/* End PBXNativeTarget section */

/* Begin PBXProject section */
		15EB2B7D1AFFB2BF00141503 /* Project object */ = {
			isa = PBXProject;
			attributes = {
				LastUpgradeCheck = 0630;
				ORGANIZATIONNAME = "Randall Mardus";
				TargetAttributes = {
					15EB2B841AFFB2BF00141503 = {
						CreatedOnToolsVersion = 6.3.1;
					};
					15EB2B991AFFB2BF00141503 = {
						CreatedOnToolsVersion = 6.3.1;
						TestTargetID = 15EB2B841AFFB2BF00141503;
					};
				};
			};
			buildConfigurationList = 15EB2B801AFFB2BF00141503 /* Build configuration list for PBXProject "Postcard" */;
			compatibilityVersion = "Xcode 3.2";
			developmentRegion = English;
			hasScannedForEncodings = 0;
			knownRegions = (
				en,
				Base,
			);
			mainGroup = 15EB2B7C1AFFB2BF00141503;
			productRefGroup = 15EB2B861AFFB2BF00141503 /* Products */;
			projectDirPath = "";
			projectRoot = "";
			targets = (
				15EB2B841AFFB2BF00141503 /* Postcard */,
				15EB2B991AFFB2BF00141503 /* PostcardTests */,
			);
		};
/* End PBXProject section */

/* Begin PBXResourcesBuildPhase section */
		15EB2B831AFFB2BF00141503 /* Resources */ = {
			isa = PBXResourcesBuildPhase;
			buildActionMask = 2147483647;
			files = (
				15EB2B901AFFB2BF00141503 /* Main.storyboard in Resources */,
				15EB2B951AFFB2BF00141503 /* LaunchScreen.xib in Resources */,
				15EB2B921AFFB2BF00141503 /* Images.xcassets in Resources */,
			);
			runOnlyForDeploymentPostprocessing = 0;
		};
		15EB2B981AFFB2BF00141503 /* Resources */ = {
			isa = PBXResourcesBuildPhase;
			buildActionMask = 2147483647;
			files = (
			);
			runOnlyForDeploymentPostprocessing = 0;
		};
/* End PBXResourcesBuildPhase section */

/* Begin PBXSourcesBuildPhase section */
		15EB2B811AFFB2BF00141503 /* Sources */ = {
			isa = PBXSourcesBuildPhase;
			buildActionMask = 2147483647;
			files = (
				15EB2B8D1AFFB2BF00141503 /* ViewController.swift in Sources */,
				15EB2B8B1AFFB2BF00141503 /* AppDelegate.swift in Sources */,
			);
			runOnlyForDeploymentPostprocessing = 0;
		};
		15EB2B961AFFB2BF00141503 /* Sources */ = {
			isa = PBXSourcesBuildPhase;
			buildActionMask = 2147483647;
			files = (
				15EB2BA11AFFB2BF00141503 /* PostcardTests.swift in Sources */,
			);
			runOnlyForDeploymentPostprocessing = 0;
		};
/* End PBXSourcesBuildPhase section */

/* Begin PBXTargetDependency section */
		15EB2B9C1AFFB2BF00141503 /* PBXTargetDependency */ = {
			isa = PBXTargetDependency;
			target = 15EB2B841AFFB2BF00141503 /* Postcard */;
			targetProxy = 15EB2B9B1AFFB2BF00141503 /* PBXContainerItemProxy */;
		};
/* End PBXTargetDependency section */

/* Begin PBXVariantGroup section */
		15EB2B8E1AFFB2BF00141503 /* Main.storyboard */ = {
			isa = PBXVariantGroup;
			children = (
				15EB2B8F1AFFB2BF00141503 /* Base */,
			);
			name = Main.storyboard;
			sourceTree = "<group>";
		};
		15EB2B931AFFB2BF00141503 /* LaunchScreen.xib */ = {
			isa = PBXVariantGroup;
			children = (
				15EB2B941AFFB2BF00141503 /* Base */,
			);
			name = LaunchScreen.xib;
			sourceTree = "<group>";
		};
/* End PBXVariantGroup section */

/* Begin XCBuildConfiguration section */
		15EB2BA21AFFB2BF00141503 /* Debug */ = {
			isa = XCBuildConfiguration;
			buildSettings = {
				ALWAYS_SEARCH_USER_PATHS = NO;
				CLANG_CXX_LANGUAGE_STANDARD = "gnu++0x";
				CLANG_CXX_LIBRARY = "libc++";
				CLANG_ENABLE_MODULES = YES;
				CLANG_ENABLE_OBJC_ARC = YES;
				CLANG_WARN_BOOL_CONVERSION = YES;
				CLANG_WARN_CONSTANT_CONVERSION = YES;
				CLANG_WARN_DIRECT_OBJC_ISA_USAGE = YES_ERROR;
				CLANG_WARN_EMPTY_BODY = YES;
				CLANG_WARN_ENUM_CONVERSION = YES;
				CLANG_WARN_INT_CONVERSION = YES;
				CLANG_WARN_OBJC_ROOT_CLASS = YES_ERROR;
				CLANG_WARN_UNREACHABLE_CODE = YES;
				CLANG_WARN__DUPLICATE_METHOD_MATCH = YES;
				"CODE_SIGN_IDENTITY[sdk=iphoneos*]" = "iPhone Developer";
				COPY_PHASE_STRIP = NO;
				DEBUG_INFORMATION_FORMAT = "dwarf-with-dsym";
				ENABLE_STRICT_OBJC_MSGSEND = YES;
				GCC_C_LANGUAGE_STANDARD = gnu99;
				GCC_DYNAMIC_NO_PIC = NO;
				GCC_NO_COMMON_BLOCKS = YES;
				GCC_OPTIMIZATION_LEVEL = 0;
				GCC_PREPROCESSOR_DEFINITIONS = (
					"DEBUG=1",
					"$(inherited)",
				);
				GCC_SYMBOLS_PRIVATE_EXTERN = NO;
				GCC_WARN_64_TO_32_BIT_CONVERSION = YES;
				GCC_WARN_ABOUT_RETURN_TYPE = YES_ERROR;
				GCC_WARN_UNDECLARED_SELECTOR = YES;
				GCC_WARN_UNINITIALIZED_AUTOS = YES_AGGRESSIVE;
				GCC_WARN_UNUSED_FUNCTION = YES;
				GCC_WARN_UNUSED_VARIABLE = YES;
				IPHONEOS_DEPLOYMENT_TARGET = 8.3;
				MTL_ENABLE_DEBUG_INFO = YES;
				ONLY_ACTIVE_ARCH = YES;
				SDKROOT = iphoneos;
				SWIFT_OPTIMIZATION_LEVEL = "-Onone";
				TARGETED_DEVICE_FAMILY = "1,2";
			};
			name = Debug;
		};
		15EB2BA31AFFB2BF00141503 /* Release */ = {
			isa = XCBuildConfiguration;
			buildSettings = {
				ALWAYS_SEARCH_USER_PATHS = NO;
				CLANG_CXX_LANGUAGE_STANDARD = "gnu++0x";
				CLANG_CXX_LIBRARY = "libc++";
				CLANG_ENABLE_MODULES = YES;
				CLANG_ENABLE_OBJC_ARC = YES;
				CLANG_WARN_BOOL_CONVERSION = YES;
				CLANG_WARN_CONSTANT_CONVERSION = YES;
				CLANG_WARN_DIRECT_OBJC_ISA_USAGE = YES_ERROR;
				CLANG_WARN_EMPTY_BODY = YES;
				CLANG_WARN_ENUM_CONVERSION = YES;
				CLANG_WARN_INT_CONVERSION = YES;
				CLANG_WARN_OBJC_ROOT_CLASS = YES_ERROR;
				CLANG_WARN_UNREACHABLE_CODE = YES;
				CLANG_WARN__DUPLICATE_METHOD_MATCH = YES;
				"CODE_SIGN_IDENTITY[sdk=iphoneos*]" = "iPhone Developer";
				COPY_PHASE_STRIP = NO;
				DEBUG_INFORMATION_FORMAT = "dwarf-with-dsym";
				ENABLE_NS_ASSERTIONS = NO;
				ENABLE_STRICT_OBJC_MSGSEND = YES;
				GCC_C_LANGUAGE_STANDARD = gnu99;
				GCC_NO_COMMON_BLOCKS = YES;
				GCC_WARN_64_TO_32_BIT_CONVERSION = YES;
				GCC_WARN_ABOUT_RETURN_TYPE = YES_ERROR;
				GCC_WARN_UNDECLARED_SELECTOR = YES;
				GCC_WARN_UNINITIALIZED_AUTOS = YES_AGGRESSIVE;
				GCC_WARN_UNUSED_FUNCTION = YES;
				GCC_WARN_UNUSED_VARIABLE = YES;
				IPHONEOS_DEPLOYMENT_TARGET = 8.3;
				MTL_ENABLE_DEBUG_INFO = NO;
				SDKROOT = iphoneos;
				TARGETED_DEVICE_FAMILY = "1,2";
				VALIDATE_PRODUCT = YES;
			};
			name = Release;
		};
		15EB2BA51AFFB2BF00141503 /* Debug */ = {
			isa = XCBuildConfiguration;
			buildSettings = {
				ASSETCATALOG_COMPILER_APPICON_NAME = AppIcon;
				INFOPLIST_FILE = Postcard/Info.plist;
				LD_RUNPATH_SEARCH_PATHS = "$(inherited) @executable_path/Frameworks";
				PRODUCT_NAME = "$(TARGET_NAME)";
			};
			name = Debug;
		};
		15EB2BA61AFFB2BF00141503 /* Release */ = {
			isa = XCBuildConfiguration;
			buildSettings = {
				ASSETCATALOG_COMPILER_APPICON_NAME = AppIcon;
				INFOPLIST_FILE = Postcard/Info.plist;
				LD_RUNPATH_SEARCH_PATHS = "$(inherited) @executable_path/Frameworks";
				PRODUCT_NAME = "$(TARGET_NAME)";
			};
			name = Release;
		};
		15EB2BA81AFFB2BF00141503 /* Debug */ = {
			isa = XCBuildConfiguration;
			buildSettings = {
				BUNDLE_LOADER = "$(TEST_HOST)";
				FRAMEWORK_SEARCH_PATHS = (
					"$(SDKROOT)/Developer/Library/Frameworks",
					"$(inherited)",
				);
				GCC_PREPROCESSOR_DEFINITIONS = (
					"DEBUG=1",
					"$(inherited)",
				);
				INFOPLIST_FILE = PostcardTests/Info.plist;
				LD_RUNPATH_SEARCH_PATHS = "$(inherited) @executable_path/Frameworks @loader_path/Frameworks";
				PRODUCT_NAME = "$(TARGET_NAME)";
				TEST_HOST = "$(BUILT_PRODUCTS_DIR)/Postcard.app/Postcard";
			};
			name = Debug;
		};
		15EB2BA91AFFB2BF00141503 /* Release */ = {
			isa = XCBuildConfiguration;
			buildSettings = {
				BUNDLE_LOADER = "$(TEST_HOST)";
				FRAMEWORK_SEARCH_PATHS = (
					"$(SDKROOT)/Developer/Library/Frameworks",
					"$(inherited)",
				);
				INFOPLIST_FILE = PostcardTests/Info.plist;
				LD_RUNPATH_SEARCH_PATHS = "$(inherited) @executable_path/Frameworks @loader_path/Frameworks";
				PRODUCT_NAME = "$(TARGET_NAME)";
				TEST_HOST = "$(BUILT_PRODUCTS_DIR)/Postcard.app/Postcard";
			};
			name = Release;
		};
/* End XCBuildConfiguration section */

/* Begin XCConfigurationList section */
		15EB2B801AFFB2BF00141503 /* Build configuration list for PBXProject "Postcard" */ = {
			isa = XCConfigurationList;
			buildConfigurations = (
				15EB2BA21AFFB2BF00141503 /* Debug */,
				15EB2BA31AFFB2BF00141503 /* Release */,
			);
			defaultConfigurationIsVisible = 0;
			defaultConfigurationName = Release;
		};
		15EB2BA41AFFB2BF00141503 /* Build configuration list for PBXNativeTarget "Postcard" */ = {
			isa = XCConfigurationList;
			buildConfigurations = (
				15EB2BA51AFFB2BF00141503 /* Debug */,
				15EB2BA61AFFB2BF00141503 /* Release */,
			);
			defaultConfigurationIsVisible = 0;
		};
		15EB2BA71AFFB2BF00141503 /* Build configuration list for PBXNativeTarget "PostcardTests" */ = {
			isa = XCConfigurationList;
			buildConfigurations = (
				15EB2BA81AFFB2BF00141503 /* Debug */,
				15EB2BA91AFFB2BF00141503 /* Release */,
			);
			defaultConfigurationIsVisible = 0;
		};
/* End XCConfigurationList section */
	};
	rootObject = 15EB2B7D1AFFB2BF00141503 /* Project object */;
}
